
Microsoft Visual Studio Solution File, Format Version 12.00
# Visual Studio Version 16
VisualStudioVersion = 16.0.32407.337
MinimumVisualStudioVersion = 10.0.40219.1
Project("{FAE04EC0-301F-11D3-BF4B-00C04F79EFBC}") = "DoAn_555", "DoAn_555.csproj", "{F5755267-18DD-489B-B9C1-EEBC102AE1E7}"
EndProject
Global
	GlobalSection(SolutionConfigurationPlatforms) = preSolution
		Debug|Any CPU = Debug|Any CPU
		Release|Any CPU = Release|Any CPU
	EndGlobalSection
	GlobalSection(ProjectConfigurationPlatforms) = postSolution
		{F5755267-18DD-489B-B9C1-EEBC102AE1E7}.Debug|Any CPU.ActiveCfg = Debug|Any CPU
		{F5755267-18DD-489B-B9C1-EEBC102AE1E7}.Debug|Any CPU.Build.0 = Debug|Any CPU
		{F5755267-18DD-489B-B9C1-EEBC102AE1E7}.Release|Any CPU.ActiveCfg = Release|Any CPU
		{F5755267-18DD-489B-B9C1-EEBC102AE1E7}.Release|Any CPU.Build.0 = Release|Any CPU
	EndGlobalSection
	GlobalSection(SolutionProperties) = preSolution
		HideSolutionNode = FALSE
	EndGlobalSection
	GlobalSection(ExtensibilityGlobals) = postSolution
		SolutionGuid = {E2120FF4-B283-47B5-8DE5-FE69BAF51BBE}
	EndGlobalSection
EndGlobal
